
Microsoft Visual Studio Solution File, Format Version 12.00
# TcXaeShell Solution File, Format Version 11.00
VisualStudioVersion = 15.0.34829.251
MinimumVisualStudioVersion = 10.0.40219.1
Project("{B1E792BE-AA5F-4E3C-8C82-674BF9C0715B}") = "DrillingControlMachine", "DrillingControlMachine\DrillingControlMachine.tsproj", "{06D72D86-4C9B-4C76-8BA8-BE92B9CB99F7}"
EndProject
Global
	GlobalSection(SolutionConfigurationPlatforms) = preSolution
		Debug|TwinCAT CE7 (ARMV7) = Debug|TwinCAT CE7 (ARMV7)
		Debug|TwinCAT OS (ARMT2) = Debug|TwinCAT OS (ARMT2)
		Debug|TwinCAT RT (x64) = Debug|TwinCAT RT (x64)
		Debug|TwinCAT RT (x86) = Debug|TwinCAT RT (x86)
		Release|TwinCAT CE7 (ARMV7) = Release|TwinCAT CE7 (ARMV7)
		Release|TwinCAT OS (ARMT2) = Release|TwinCAT OS (ARMT2)
		Release|TwinCAT RT (x64) = Release|TwinCAT RT (x64)
		Release|TwinCAT RT (x86) = Release|TwinCAT RT (x86)
	EndGlobalSection
	GlobalSection(ProjectConfigurationPlatforms) = postSolution
		{06D72D86-4C9B-4C76-8BA8-BE92B9CB99F7}.Debug|TwinCAT CE7 (ARMV7).ActiveCfg = Debug|TwinCAT CE7 (ARMV7)
		{06D72D86-4C9B-4C76-8BA8-BE92B9CB99F7}.Debug|TwinCAT CE7 (ARMV7).Build.0 = Debug|TwinCAT CE7 (ARMV7)
		{06D72D86-4C9B-4C76-8BA8-BE92B9CB99F7}.Debug|TwinCAT OS (ARMT2).ActiveCfg = Debug|TwinCAT OS (ARMT2)
		{06D72D86-4C9B-4C76-8BA8-BE92B9CB99F7}.Debug|TwinCAT OS (ARMT2).Build.0 = Debug|TwinCAT OS (ARMT2)
		{06D72D86-4C9B-4C76-8BA8-BE92B9CB99F7}.Debug|TwinCAT RT (x64).ActiveCfg = Debug|TwinCAT RT (x64)
		{06D72D86-4C9B-4C76-8BA8-BE92B9CB99F7}.Debug|TwinCAT RT (x64).Build.0 = Debug|TwinCAT RT (x64)
		{06D72D86-4C9B-4C76-8BA8-BE92B9CB99F7}.Debug|TwinCAT RT (x86).ActiveCfg = Debug|TwinCAT RT (x86)
		{06D72D86-4C9B-4C76-8BA8-BE92B9CB99F7}.Debug|TwinCAT RT (x86).Build.0 = Debug|TwinCAT RT (x86)
		{06D72D86-4C9B-4C76-8BA8-BE92B9CB99F7}.Release|TwinCAT CE7 (ARMV7).ActiveCfg = Release|TwinCAT CE7 (ARMV7)
		{06D72D86-4C9B-4C76-8BA8-BE92B9CB99F7}.Release|TwinCAT CE7 (ARMV7).Build.0 = Release|TwinCAT CE7 (ARMV7)
		{06D72D86-4C9B-4C76-8BA8-BE92B9CB99F7}.Release|TwinCAT OS (ARMT2).ActiveCfg = Release|TwinCAT OS (ARMT2)
		{06D72D86-4C9B-4C76-8BA8-BE92B9CB99F7}.Release|TwinCAT OS (ARMT2).Build.0 = Release|TwinCAT OS (ARMT2)
		{06D72D86-4C9B-4C76-8BA8-BE92B9CB99F7}.Release|TwinCAT RT (x64).ActiveCfg = Release|TwinCAT RT (x64)
		{06D72D86-4C9B-4C76-8BA8-BE92B9CB99F7}.Release|TwinCAT RT (x64).Build.0 = Release|TwinCAT RT (x64)
		{06D72D86-4C9B-4C76-8BA8-BE92B9CB99F7}.Release|TwinCAT RT (x86).ActiveCfg = Release|TwinCAT RT (x86)
		{06D72D86-4C9B-4C76-8BA8-BE92B9CB99F7}.Release|TwinCAT RT (x86).Build.0 = Release|TwinCAT RT (x86)
		{DE1A36A9-A0C4-47FA-8423-603C57E4BE85}.Debug|TwinCAT CE7 (ARMV7).ActiveCfg = Debug|TwinCAT CE7 (ARMV7)
		{DE1A36A9-A0C4-47FA-8423-603C57E4BE85}.Debug|TwinCAT CE7 (ARMV7).Build.0 = Debug|TwinCAT CE7 (ARMV7)
		{DE1A36A9-A0C4-47FA-8423-603C57E4BE85}.Debug|TwinCAT OS (ARMT2).ActiveCfg = Debug|TwinCAT OS (ARMT2)
		{DE1A36A9-A0C4-47FA-8423-603C57E4BE85}.Debug|TwinCAT OS (ARMT2).Build.0 = Debug|TwinCAT OS (ARMT2)
		{DE1A36A9-A0C4-47FA-8423-603C57E4BE85}.Debug|TwinCAT RT (x64).ActiveCfg = Debug|TwinCAT RT (x64)
		{DE1A36A9-A0C4-47FA-8423-603C57E4BE85}.Debug|TwinCAT RT (x64).Build.0 = Debug|TwinCAT RT (x64)
		{DE1A36A9-A0C4-47FA-8423-603C57E4BE85}.Debug|TwinCAT RT (x86).ActiveCfg = Debug|TwinCAT RT (x86)
		{DE1A36A9-A0C4-47FA-8423-603C57E4BE85}.Debug|TwinCAT RT (x86).Build.0 = Debug|TwinCAT RT (x86)
		{DE1A36A9-A0C4-47FA-8423-603C57E4BE85}.Release|TwinCAT CE7 (ARMV7).ActiveCfg = Release|TwinCAT CE7 (ARMV7)
		{DE1A36A9-A0C4-47FA-8423-603C57E4BE85}.Release|TwinCAT CE7 (ARMV7).Build.0 = Release|TwinCAT CE7 (ARMV7)
		{DE1A36A9-A0C4-47FA-8423-603C57E4BE85}.Release|TwinCAT OS (ARMT2).ActiveCfg = Release|TwinCAT OS (ARMT2)
		{DE1A36A9-A0C4-47FA-8423-603C57E4BE85}.Release|TwinCAT OS (ARMT2).Build.0 = Release|TwinCAT OS (ARMT2)
		{DE1A36A9-A0C4-47FA-8423-603C57E4BE85}.Release|TwinCAT RT (x64).ActiveCfg = Release|TwinCAT RT (x64)
		{DE1A36A9-A0C4-47FA-8423-603C57E4BE85}.Release|TwinCAT RT (x64).Build.0 = Release|TwinCAT RT (x64)
		{DE1A36A9-A0C4-47FA-8423-603C57E4BE85}.Release|TwinCAT RT (x86).ActiveCfg = Release|TwinCAT RT (x86)
		{DE1A36A9-A0C4-47FA-8423-603C57E4BE85}.Release|TwinCAT RT (x86).Build.0 = Release|TwinCAT RT (x86)
	EndGlobalSection
	GlobalSection(SolutionProperties) = preSolution
		HideSolutionNode = FALSE
	EndGlobalSection
	GlobalSection(ExtensibilityGlobals) = postSolution
		SolutionGuid = {5D8D0D58-3FBC-4614-9D5F-5FA4A82D7F81}
	EndGlobalSection
EndGlobal
